
Microsoft Visual Studio Solution File, Format Version 12.00
# Visual Studio Version 17
VisualStudioVersion = 17.11.35327.3
MinimumVisualStudioVersion = 10.0.40219.1
Project("{FAE04EC0-301F-11D3-BF4B-00C04F79EFBC}") = "Lab#29", "Lab#29.csproj", "{679F059E-7A25-4E27-B1C4-EC93C68AAD73}"
EndProject
Global
	GlobalSection(SolutionConfigurationPlatforms) = preSolution
		Debug|Any CPU = Debug|Any CPU
		Release|Any CPU = Release|Any CPU
	EndGlobalSection
	GlobalSection(ProjectConfigurationPlatforms) = postSolution
		{679F059E-7A25-4E27-B1C4-EC93C68AAD73}.Debug|Any CPU.ActiveCfg = Debug|Any CPU
		{679F059E-7A25-4E27-B1C4-EC93C68AAD73}.Debug|Any CPU.Build.0 = Debug|Any CPU
		{679F059E-7A25-4E27-B1C4-EC93C68AAD73}.Release|Any CPU.ActiveCfg = Release|Any CPU
		{679F059E-7A25-4E27-B1C4-EC93C68AAD73}.Release|Any CPU.Build.0 = Release|Any CPU
	EndGlobalSection
	GlobalSection(SolutionProperties) = preSolution
		HideSolutionNode = FALSE
	EndGlobalSection
	GlobalSection(ExtensibilityGlobals) = postSolution
		SolutionGuid = {417973ED-E6F1-42BC-A0EF-F7A5AE2F8481}
	EndGlobalSection
EndGlobal
